
Microsoft Visual Studio Solution File, Format Version 12.00
# Visual Studio Version 16
VisualStudioVersion = 16.0.29519.87
MinimumVisualStudioVersion = 10.0.40219.1
Project("{F184B08F-C81C-45F6-A57F-5ABD9991F28F}") = "Matrix", "Matrix\Matrix.vbproj", "{C5402E3C-99DE-4837-8F64-D3BBE20290FC}"
EndProject
Global
	GlobalSection(SolutionConfigurationPlatforms) = preSolution
		Debug|Any CPU = Debug|Any CPU
		Release|Any CPU = Release|Any CPU
	EndGlobalSection
	GlobalSection(ProjectConfigurationPlatforms) = postSolution
		{C5402E3C-99DE-4837-8F64-D3BBE20290FC}.Debug|Any CPU.ActiveCfg = Debug|Any CPU
		{C5402E3C-99DE-4837-8F64-D3BBE20290FC}.Debug|Any CPU.Build.0 = Debug|Any CPU
		{C5402E3C-99DE-4837-8F64-D3BBE20290FC}.Release|Any CPU.ActiveCfg = Release|Any CPU
		{C5402E3C-99DE-4837-8F64-D3BBE20290FC}.Release|Any CPU.Build.0 = Release|Any CPU
	EndGlobalSection
	GlobalSection(SolutionProperties) = preSolution
		HideSolutionNode = FALSE
	EndGlobalSection
	GlobalSection(ExtensibilityGlobals) = postSolution
		SolutionGuid = {53D3E86D-5BFF-4D61-AB00-F98920186240}
	EndGlobalSection
EndGlobal
